// !$*UTF8*$!
{
	archiveVersion = 1;
	classes = {
	};
	objectVersion = 56;
	objects = {

/* Begin PBXBuildFile section */
		12FA3C17447428A46ADE19E3 /* Pods_photofdayTests.framework in Frameworks */ = {isa = PBXBuildFile; fileRef = 6CA7BB4CAB3CD30BE1655A82 /* Pods_photofdayTests.framework */; };
		3502506A29B0DAFF00AC20D1 /* AppDelegate.swift in Sources */ = {isa = PBXBuildFile; fileRef = 3502506929B0DAFF00AC20D1 /* AppDelegate.swift */; };
		3502506C29B0DAFF00AC20D1 /* SceneDelegate.swift in Sources */ = {isa = PBXBuildFile; fileRef = 3502506B29B0DAFF00AC20D1 /* SceneDelegate.swift */; };
		3502506E29B0DAFF00AC20D1 /* ViewController.swift in Sources */ = {isa = PBXBuildFile; fileRef = 3502506D29B0DAFF00AC20D1 /* ViewController.swift */; };
		3502507129B0DAFF00AC20D1 /* Main.storyboard in Resources */ = {isa = PBXBuildFile; fileRef = 3502506F29B0DAFF00AC20D1 /* Main.storyboard */; };
		3502507329B0DB0000AC20D1 /* Assets.xcassets in Resources */ = {isa = PBXBuildFile; fileRef = 3502507229B0DB0000AC20D1 /* Assets.xcassets */; };
		3502507629B0DB0000AC20D1 /* LaunchScreen.storyboard in Resources */ = {isa = PBXBuildFile; fileRef = 3502507429B0DB0000AC20D1 /* LaunchScreen.storyboard */; };
		3502508129B0DB0000AC20D1 /* photofdayTests.swift in Sources */ = {isa = PBXBuildFile; fileRef = 3502508029B0DB0000AC20D1 /* photofdayTests.swift */; };
		3502508B29B0DB0000AC20D1 /* photofdayUITests.swift in Sources */ = {isa = PBXBuildFile; fileRef = 3502508A29B0DB0000AC20D1 /* photofdayUITests.swift */; };
		3502508D29B0DB0000AC20D1 /* photofdayUITestsLaunchTests.swift in Sources */ = {isa = PBXBuildFile; fileRef = 3502508C29B0DB0000AC20D1 /* photofdayUITestsLaunchTests.swift */; };
		3502509A29B0E12400AC20D1 /* PhotoView.xib in Resources */ = {isa = PBXBuildFile; fileRef = 3502509929B0E12400AC20D1 /* PhotoView.xib */; };
		3502509C29B0E18100AC20D1 /* PhotoView.swift in Sources */ = {isa = PBXBuildFile; fileRef = 3502509B29B0E18100AC20D1 /* PhotoView.swift */; };
		3502509E29B0E39600AC20D1 /* ViewModel.swift in Sources */ = {isa = PBXBuildFile; fileRef = 3502509D29B0E39600AC20D1 /* ViewModel.swift */; };
		350250A429B0EAF100AC20D1 /* PhotoDetails.swift in Sources */ = {isa = PBXBuildFile; fileRef = 350250A329B0EAF100AC20D1 /* PhotoDetails.swift */; };
		352C369E29B21D1C00631A4A /* BaseViewController.swift in Sources */ = {isa = PBXBuildFile; fileRef = 352C369D29B21D1C00631A4A /* BaseViewController.swift */; };
		C3F2BABFCD1870E5E3515FB0 /* Pods_photofday.framework in Frameworks */ = {isa = PBXBuildFile; fileRef = 2603A919EA5C6D0BC26A7AC7 /* Pods_photofday.framework */; };
		E87198A0F77CEAB73DA35476 /* Pods_photofday_photofdayUITests.framework in Frameworks */ = {isa = PBXBuildFile; fileRef = C04F6DE9F2362258A7A078A2 /* Pods_photofday_photofdayUITests.framework */; };
/* End PBXBuildFile section */

/* Begin PBXContainerItemProxy section */
		3502507D29B0DB0000AC20D1 /* PBXContainerItemProxy */ = {
			isa = PBXContainerItemProxy;
			containerPortal = 3502505E29B0DAFE00AC20D1 /* Project object */;
			proxyType = 1;
			remoteGlobalIDString = 3502506529B0DAFF00AC20D1;
			remoteInfo = photofday;
		};
		3502508729B0DB0000AC20D1 /* PBXContainerItemProxy */ = {
			isa = PBXContainerItemProxy;
			containerPortal = 3502505E29B0DAFE00AC20D1 /* Project object */;
			proxyType = 1;
			remoteGlobalIDString = 3502506529B0DAFF00AC20D1;
			remoteInfo = photofday;
		};
/* End PBXContainerItemProxy section */

/* Begin PBXFileReference section */
		2603A919EA5C6D0BC26A7AC7 /* Pods_photofday.framework */ = {isa = PBXFileReference; explicitFileType = wrapper.framework; includeInIndex = 0; path = Pods_photofday.framework; sourceTree = BUILT_PRODUCTS_DIR; };
		3502506629B0DAFF00AC20D1 /* photofday.app */ = {isa = PBXFileReference; explicitFileType = wrapper.application; includeInIndex = 0; path = photofday.app; sourceTree = BUILT_PRODUCTS_DIR; };
		3502506929B0DAFF00AC20D1 /* AppDelegate.swift */ = {isa = PBXFileReference; lastKnownFileType = sourcecode.swift; path = AppDelegate.swift; sourceTree = "<group>"; };
		3502506B29B0DAFF00AC20D1 /* SceneDelegate.swift */ = {isa = PBXFileReference; lastKnownFileType = sourcecode.swift; path = SceneDelegate.swift; sourceTree = "<group>"; };
		3502506D29B0DAFF00AC20D1 /* ViewController.swift */ = {isa = PBXFileReference; lastKnownFileType = sourcecode.swift; path = ViewController.swift; sourceTree = "<group>"; };
		3502507029B0DAFF00AC20D1 /* Base */ = {isa = PBXFileReference; lastKnownFileType = file.storyboard; name = Base; path = Base.lproj/Main.storyboard; sourceTree = "<group>"; };
		3502507229B0DB0000AC20D1 /* Assets.xcassets */ = {isa = PBXFileReference; lastKnownFileType = folder.assetcatalog; path = Assets.xcassets; sourceTree = "<group>"; };
		3502507529B0DB0000AC20D1 /* Base */ = {isa = PBXFileReference; lastKnownFileType = file.storyboard; name = Base; path = Base.lproj/LaunchScreen.storyboard; sourceTree = "<group>"; };
		3502507729B0DB0000AC20D1 /* Info.plist */ = {isa = PBXFileReference; lastKnownFileType = text.plist.xml; path = Info.plist; sourceTree = "<group>"; };
		3502507C29B0DB0000AC20D1 /* photofdayTests.xctest */ = {isa = PBXFileReference; explicitFileType = wrapper.cfbundle; includeInIndex = 0; path = photofdayTests.xctest; sourceTree = BUILT_PRODUCTS_DIR; };
		3502508029B0DB0000AC20D1 /* photofdayTests.swift */ = {isa = PBXFileReference; lastKnownFileType = sourcecode.swift; path = photofdayTests.swift; sourceTree = "<group>"; };
		3502508629B0DB0000AC20D1 /* photofdayUITests.xctest */ = {isa = PBXFileReference; explicitFileType = wrapper.cfbundle; includeInIndex = 0; path = photofdayUITests.xctest; sourceTree = BUILT_PRODUCTS_DIR; };
		3502508A29B0DB0000AC20D1 /* photofdayUITests.swift */ = {isa = PBXFileReference; lastKnownFileType = sourcecode.swift; path = photofdayUITests.swift; sourceTree = "<group>"; };
		3502508C29B0DB0000AC20D1 /* photofdayUITestsLaunchTests.swift */ = {isa = PBXFileReference; lastKnownFileType = sourcecode.swift; path = photofdayUITestsLaunchTests.swift; sourceTree = "<group>"; };
		3502509929B0E12400AC20D1 /* PhotoView.xib */ = {isa = PBXFileReference; lastKnownFileType = file.xib; path = PhotoView.xib; sourceTree = "<group>"; };
		3502509B29B0E18100AC20D1 /* PhotoView.swift */ = {isa = PBXFileReference; lastKnownFileType = sourcecode.swift; path = PhotoView.swift; sourceTree = "<group>"; };
		3502509D29B0E39600AC20D1 /* ViewModel.swift */ = {isa = PBXFileReference; lastKnownFileType = sourcecode.swift; path = ViewModel.swift; sourceTree = "<group>"; };
		350250A329B0EAF100AC20D1 /* PhotoDetails.swift */ = {isa = PBXFileReference; lastKnownFileType = sourcecode.swift; path = PhotoDetails.swift; sourceTree = "<group>"; };
		35136F6629B1DFA100680DAF /* Reachability.framework */ = {isa = PBXFileReference; explicitFileType = wrapper.framework; path = Reachability.framework; sourceTree = BUILT_PRODUCTS_DIR; };
		352C369D29B21D1C00631A4A /* BaseViewController.swift */ = {isa = PBXFileReference; lastKnownFileType = sourcecode.swift; path = BaseViewController.swift; sourceTree = "<group>"; };
		363773AD624F8038F9F27517 /* Pods-photofdayTests.release.xcconfig */ = {isa = PBXFileReference; includeInIndex = 1; lastKnownFileType = text.xcconfig; name = "Pods-photofdayTests.release.xcconfig"; path = "Target Support Files/Pods-photofdayTests/Pods-photofdayTests.release.xcconfig"; sourceTree = "<group>"; };
		3FC9F0C979AFAEC434FB6DD8 /* Pods-photofday-photofdayUITests.debug.xcconfig */ = {isa = PBXFileReference; includeInIndex = 1; lastKnownFileType = text.xcconfig; name = "Pods-photofday-photofdayUITests.debug.xcconfig"; path = "Target Support Files/Pods-photofday-photofdayUITests/Pods-photofday-photofdayUITests.debug.xcconfig"; sourceTree = "<group>"; };
		41760C0AFD806E451A57CBC7 /* Pods-photofday-photofdayTests.debug.xcconfig */ = {isa = PBXFileReference; includeInIndex = 1; lastKnownFileType = text.xcconfig; name = "Pods-photofday-photofdayTests.debug.xcconfig"; path = "Target Support Files/Pods-photofday-photofdayTests/Pods-photofday-photofdayTests.debug.xcconfig"; sourceTree = "<group>"; };
		5B0002A4E34F92C4A51E45E7 /* Pods-photofday.debug.xcconfig */ = {isa = PBXFileReference; includeInIndex = 1; lastKnownFileType = text.xcconfig; name = "Pods-photofday.debug.xcconfig"; path = "Target Support Files/Pods-photofday/Pods-photofday.debug.xcconfig"; sourceTree = "<group>"; };
		6CA7BB4CAB3CD30BE1655A82 /* Pods_photofdayTests.framework */ = {isa = PBXFileReference; explicitFileType = wrapper.framework; includeInIndex = 0; path = Pods_photofdayTests.framework; sourceTree = BUILT_PRODUCTS_DIR; };
		B24A965CFD73806417AD84DD /* Pods-photofday-photofdayTests.release.xcconfig */ = {isa = PBXFileReference; includeInIndex = 1; lastKnownFileType = text.xcconfig; name = "Pods-photofday-photofdayTests.release.xcconfig"; path = "Target Support Files/Pods-photofday-photofdayTests/Pods-photofday-photofdayTests.release.xcconfig"; sourceTree = "<group>"; };
		B826E0B2EDF7D84073F5BBA9 /* Pods-photofday-photofdayUITests.release.xcconfig */ = {isa = PBXFileReference; includeInIndex = 1; lastKnownFileType = text.xcconfig; name = "Pods-photofday-photofdayUITests.release.xcconfig"; path = "Target Support Files/Pods-photofday-photofdayUITests/Pods-photofday-photofdayUITests.release.xcconfig"; sourceTree = "<group>"; };
		C04F6DE9F2362258A7A078A2 /* Pods_photofday_photofdayUITests.framework */ = {isa = PBXFileReference; explicitFileType = wrapper.framework; includeInIndex = 0; path = Pods_photofday_photofdayUITests.framework; sourceTree = BUILT_PRODUCTS_DIR; };
		DCB38772C2B8CF19B2E830A1 /* Pods-photofdayTests.debug.xcconfig */ = {isa = PBXFileReference; includeInIndex = 1; lastKnownFileType = text.xcconfig; name = "Pods-photofdayTests.debug.xcconfig"; path = "Target Support Files/Pods-photofdayTests/Pods-photofdayTests.debug.xcconfig"; sourceTree = "<group>"; };
		F1839839FDB3F905C70A6288 /* Pods-photofday.release.xcconfig */ = {isa = PBXFileReference; includeInIndex = 1; lastKnownFileType = text.xcconfig; name = "Pods-photofday.release.xcconfig"; path = "Target Support Files/Pods-photofday/Pods-photofday.release.xcconfig"; sourceTree = "<group>"; };
/* End PBXFileReference section */

/* Begin PBXFrameworksBuildPhase section */
		3502506329B0DAFF00AC20D1 /* Frameworks */ = {
			isa = PBXFrameworksBuildPhase;
			buildActionMask = 2147483647;
			files = (
				C3F2BABFCD1870E5E3515FB0 /* Pods_photofday.framework in Frameworks */,
			);
			runOnlyForDeploymentPostprocessing = 0;
		};
		3502507929B0DB0000AC20D1 /* Frameworks */ = {
			isa = PBXFrameworksBuildPhase;
			buildActionMask = 2147483647;
			files = (
				12FA3C17447428A46ADE19E3 /* Pods_photofdayTests.framework in Frameworks */,
			);
			runOnlyForDeploymentPostprocessing = 0;
		};
		3502508329B0DB0000AC20D1 /* Frameworks */ = {
			isa = PBXFrameworksBuildPhase;
			buildActionMask = 2147483647;
			files = (
				E87198A0F77CEAB73DA35476 /* Pods_photofday_photofdayUITests.framework in Frameworks */,
			);
			runOnlyForDeploymentPostprocessing = 0;
		};
/* End PBXFrameworksBuildPhase section */

/* Begin PBXGroup section */
		3502505D29B0DAFE00AC20D1 = {
			isa = PBXGroup;
			children = (
				3502506829B0DAFF00AC20D1 /* photofday */,
				3502507F29B0DB0000AC20D1 /* photofdayTests */,
				3502508929B0DB0000AC20D1 /* photofdayUITests */,
				3502506729B0DAFF00AC20D1 /* Products */,
				B60889B9B9A6E21DEEC95542 /* Pods */,
				7DE794F5FDED06124F13D986 /* Frameworks */,
			);
			sourceTree = "<group>";
		};
		3502506729B0DAFF00AC20D1 /* Products */ = {
			isa = PBXGroup;
			children = (
				3502506629B0DAFF00AC20D1 /* photofday.app */,
				3502507C29B0DB0000AC20D1 /* photofdayTests.xctest */,
				3502508629B0DB0000AC20D1 /* photofdayUITests.xctest */,
			);
			name = Products;
			sourceTree = "<group>";
		};
		3502506829B0DAFF00AC20D1 /* photofday */ = {
			isa = PBXGroup;
			children = (
				350250A229B0EAD700AC20D1 /* Model */,
				350250A029B0E3A800AC20D1 /* View */,
				3502509F29B0E39C00AC20D1 /* ViewModel */,
				350250A129B0E3B400AC20D1 /* Controller */,
				3502506929B0DAFF00AC20D1 /* AppDelegate.swift */,
				3502506B29B0DAFF00AC20D1 /* SceneDelegate.swift */,
				3502506F29B0DAFF00AC20D1 /* Main.storyboard */,
				3502507229B0DB0000AC20D1 /* Assets.xcassets */,
				3502507429B0DB0000AC20D1 /* LaunchScreen.storyboard */,
				3502507729B0DB0000AC20D1 /* Info.plist */,
			);
			path = photofday;
			sourceTree = "<group>";
		};
		3502507F29B0DB0000AC20D1 /* photofdayTests */ = {
			isa = PBXGroup;
			children = (
				3502508029B0DB0000AC20D1 /* photofdayTests.swift */,
			);
			path = photofdayTests;
			sourceTree = "<group>";
		};
		3502508929B0DB0000AC20D1 /* photofdayUITests */ = {
			isa = PBXGroup;
			children = (
				3502508A29B0DB0000AC20D1 /* photofdayUITests.swift */,
				3502508C29B0DB0000AC20D1 /* photofdayUITestsLaunchTests.swift */,
			);
			path = photofdayUITests;
			sourceTree = "<group>";
		};
		3502509F29B0E39C00AC20D1 /* ViewModel */ = {
			isa = PBXGroup;
			children = (
				3502509D29B0E39600AC20D1 /* ViewModel.swift */,
			);
			path = ViewModel;
			sourceTree = "<group>";
		};
		350250A029B0E3A800AC20D1 /* View */ = {
			isa = PBXGroup;
			children = (
				3502509B29B0E18100AC20D1 /* PhotoView.swift */,
				3502509929B0E12400AC20D1 /* PhotoView.xib */,
			);
			path = View;
			sourceTree = "<group>";
		};
		350250A129B0E3B400AC20D1 /* Controller */ = {
			isa = PBXGroup;
			children = (
				3502506D29B0DAFF00AC20D1 /* ViewController.swift */,
				352C369D29B21D1C00631A4A /* BaseViewController.swift */,
			);
			path = Controller;
			sourceTree = "<group>";
		};
		350250A229B0EAD700AC20D1 /* Model */ = {
			isa = PBXGroup;
			children = (
				350250A329B0EAF100AC20D1 /* PhotoDetails.swift */,
			);
			path = Model;
			sourceTree = "<group>";
		};
		7DE794F5FDED06124F13D986 /* Frameworks */ = {
			isa = PBXGroup;
			children = (
				35136F6629B1DFA100680DAF /* Reachability.framework */,
				2603A919EA5C6D0BC26A7AC7 /* Pods_photofday.framework */,
				C04F6DE9F2362258A7A078A2 /* Pods_photofday_photofdayUITests.framework */,
				6CA7BB4CAB3CD30BE1655A82 /* Pods_photofdayTests.framework */,
			);
			name = Frameworks;
			sourceTree = "<group>";
		};
		B60889B9B9A6E21DEEC95542 /* Pods */ = {
			isa = PBXGroup;
			children = (
				5B0002A4E34F92C4A51E45E7 /* Pods-photofday.debug.xcconfig */,
				F1839839FDB3F905C70A6288 /* Pods-photofday.release.xcconfig */,
				41760C0AFD806E451A57CBC7 /* Pods-photofday-photofdayTests.debug.xcconfig */,
				B24A965CFD73806417AD84DD /* Pods-photofday-photofdayTests.release.xcconfig */,
				3FC9F0C979AFAEC434FB6DD8 /* Pods-photofday-photofdayUITests.debug.xcconfig */,
				B826E0B2EDF7D84073F5BBA9 /* Pods-photofday-photofdayUITests.release.xcconfig */,
				DCB38772C2B8CF19B2E830A1 /* Pods-photofdayTests.debug.xcconfig */,
				363773AD624F8038F9F27517 /* Pods-photofdayTests.release.xcconfig */,
			);
			path = Pods;
			sourceTree = "<group>";
		};
/* End PBXGroup section */

/* Begin PBXNativeTarget section */
		3502506529B0DAFF00AC20D1 /* photofday */ = {
			isa = PBXNativeTarget;
			buildConfigurationList = 3502509029B0DB0000AC20D1 /* Build configuration list for PBXNativeTarget "photofday" */;
			buildPhases = (
				0CA5BB9ADEEBF46E3D3B9C29 /* [CP] Check Pods Manifest.lock */,
				3502506229B0DAFF00AC20D1 /* Sources */,
				3502506329B0DAFF00AC20D1 /* Frameworks */,
				3502506429B0DAFF00AC20D1 /* Resources */,
				F6CA20CFA8F245CCB81C31AC /* [CP] Embed Pods Frameworks */,
			);
			buildRules = (
			);
			dependencies = (
			);
			name = photofday;
			productName = photofday;
			productReference = 3502506629B0DAFF00AC20D1 /* photofday.app */;
			productType = "com.apple.product-type.application";
		};
		3502507B29B0DB0000AC20D1 /* photofdayTests */ = {
			isa = PBXNativeTarget;
			buildConfigurationList = 3502509329B0DB0000AC20D1 /* Build configuration list for PBXNativeTarget "photofdayTests" */;
			buildPhases = (
				1C18FB9F76631A72AE813129 /* [CP] Check Pods Manifest.lock */,
				3502507829B0DB0000AC20D1 /* Sources */,
				3502507929B0DB0000AC20D1 /* Frameworks */,
				3502507A29B0DB0000AC20D1 /* Resources */,
				19CE01EA1E311EE0B073CE3F /* [CP] Embed Pods Frameworks */,
			);
			buildRules = (
			);
			dependencies = (
				3502507E29B0DB0000AC20D1 /* PBXTargetDependency */,
			);
			name = photofdayTests;
			productName = photofdayTests;
			productReference = 3502507C29B0DB0000AC20D1 /* photofdayTests.xctest */;
			productType = "com.apple.product-type.bundle.unit-test";
		};
		3502508529B0DB0000AC20D1 /* photofdayUITests */ = {
			isa = PBXNativeTarget;
			buildConfigurationList = 3502509629B0DB0000AC20D1 /* Build configuration list for PBXNativeTarget "photofdayUITests" */;
			buildPhases = (
				76875C407018E0CC5F319F6B /* [CP] Check Pods Manifest.lock */,
				3502508229B0DB0000AC20D1 /* Sources */,
				3502508329B0DB0000AC20D1 /* Frameworks */,
				3502508429B0DB0000AC20D1 /* Resources */,
				A1AD238420C37F3B16F83E64 /* [CP] Embed Pods Frameworks */,
			);
			buildRules = (
			);
			dependencies = (
				3502508829B0DB0000AC20D1 /* PBXTargetDependency */,
			);
			name = photofdayUITests;
			productName = photofdayUITests;
			productReference = 3502508629B0DB0000AC20D1 /* photofdayUITests.xctest */;
			productType = "com.apple.product-type.bundle.ui-testing";
		};
/* End PBXNativeTarget section */

/* Begin PBXProject section */
		3502505E29B0DAFE00AC20D1 /* Project object */ = {
			isa = PBXProject;
			attributes = {
				BuildIndependentTargetsInParallel = 1;
				LastSwiftUpdateCheck = 1420;
				LastUpgradeCheck = 1420;
				TargetAttributes = {
					3502506529B0DAFF00AC20D1 = {
						CreatedOnToolsVersion = 14.2;
					};
					3502507B29B0DB0000AC20D1 = {
						CreatedOnToolsVersion = 14.2;
						TestTargetID = 3502506529B0DAFF00AC20D1;
					};
					3502508529B0DB0000AC20D1 = {
						CreatedOnToolsVersion = 14.2;
						TestTargetID = 3502506529B0DAFF00AC20D1;
					};
				};
			};
			buildConfigurationList = 3502506129B0DAFE00AC20D1 /* Build configuration list for PBXProject "photofday" */;
			compatibilityVersion = "Xcode 14.0";
			developmentRegion = en;
			hasScannedForEncodings = 0;
			knownRegions = (
				en,
				Base,
			);
			mainGroup = 3502505D29B0DAFE00AC20D1;
			productRefGroup = 3502506729B0DAFF00AC20D1 /* Products */;
			projectDirPath = "";
			projectRoot = "";
			targets = (
				3502506529B0DAFF00AC20D1 /* photofday */,
				3502507B29B0DB0000AC20D1 /* photofdayTests */,
				3502508529B0DB0000AC20D1 /* photofdayUITests */,
			);
		};
/* End PBXProject section */

/* Begin PBXResourcesBuildPhase section */
		3502506429B0DAFF00AC20D1 /* Resources */ = {
			isa = PBXResourcesBuildPhase;
			buildActionMask = 2147483647;
			files = (
				3502507629B0DB0000AC20D1 /* LaunchScreen.storyboard in Resources */,
				3502507329B0DB0000AC20D1 /* Assets.xcassets in Resources */,
				3502507129B0DAFF00AC20D1 /* Main.storyboard in Resources */,
				3502509A29B0E12400AC20D1 /* PhotoView.xib in Resources */,
			);
			runOnlyForDeploymentPostprocessing = 0;
		};
		3502507A29B0DB0000AC20D1 /* Resources */ = {
			isa = PBXResourcesBuildPhase;
			buildActionMask = 2147483647;
			files = (
			);
			runOnlyForDeploymentPostprocessing = 0;
		};
		3502508429B0DB0000AC20D1 /* Resources */ = {
			isa = PBXResourcesBuildPhase;
			buildActionMask = 2147483647;
			files = (
			);
			runOnlyForDeploymentPostprocessing = 0;
		};
/* End PBXResourcesBuildPhase section */

/* Begin PBXShellScriptBuildPhase section */
		0CA5BB9ADEEBF46E3D3B9C29 /* [CP] Check Pods Manifest.lock */ = {
			isa = PBXShellScriptBuildPhase;
			buildActionMask = 2147483647;
			files = (
			);
			inputFileListPaths = (
			);
			inputPaths = (
				"${PODS_PODFILE_DIR_PATH}/Podfile.lock",
				"${PODS_ROOT}/Manifest.lock",
			);
			name = "[CP] Check Pods Manifest.lock";
			outputFileListPaths = (
			);
			outputPaths = (
				"$(DERIVED_FILE_DIR)/Pods-photofday-checkManifestLockResult.txt",
			);
			runOnlyForDeploymentPostprocessing = 0;
			shellPath = /bin/sh;
			shellScript = "diff \"${PODS_PODFILE_DIR_PATH}/Podfile.lock\" \"${PODS_ROOT}/Manifest.lock\" > /dev/null\nif [ $? != 0 ] ; then\n    # print error to STDERR\n    echo \"error: The sandbox is not in sync with the Podfile.lock. Run 'pod install' or update your CocoaPods installation.\" >&2\n    exit 1\nfi\n# This output is used by Xcode 'outputs' to avoid re-running this script phase.\necho \"SUCCESS\" > \"${SCRIPT_OUTPUT_FILE_0}\"\n";
			showEnvVarsInLog = 0;
		};
		19CE01EA1E311EE0B073CE3F /* [CP] Embed Pods Frameworks */ = {
			isa = PBXShellScriptBuildPhase;
			buildActionMask = 2147483647;
			files = (
			);
			inputFileListPaths = (
				"${PODS_ROOT}/Target Support Files/Pods-photofdayTests/Pods-photofdayTests-frameworks-${CONFIGURATION}-input-files.xcfilelist",
			);
			name = "[CP] Embed Pods Frameworks";
			outputFileListPaths = (
				"${PODS_ROOT}/Target Support Files/Pods-photofdayTests/Pods-photofdayTests-frameworks-${CONFIGURATION}-output-files.xcfilelist",
			);
			runOnlyForDeploymentPostprocessing = 0;
			shellPath = /bin/sh;
			shellScript = "\"${PODS_ROOT}/Target Support Files/Pods-photofdayTests/Pods-photofdayTests-frameworks.sh\"\n";
			showEnvVarsInLog = 0;
		};
		1C18FB9F76631A72AE813129 /* [CP] Check Pods Manifest.lock */ = {
			isa = PBXShellScriptBuildPhase;
			buildActionMask = 2147483647;
			files = (
			);
			inputFileListPaths = (
			);
			inputPaths = (
				"${PODS_PODFILE_DIR_PATH}/Podfile.lock",
				"${PODS_ROOT}/Manifest.lock",
			);
			name = "[CP] Check Pods Manifest.lock";
			outputFileListPaths = (
			);
			outputPaths = (
				"$(DERIVED_FILE_DIR)/Pods-photofdayTests-checkManifestLockResult.txt",
			);
			runOnlyForDeploymentPostprocessing = 0;
			shellPath = /bin/sh;
			shellScript = "diff \"${PODS_PODFILE_DIR_PATH}/Podfile.lock\" \"${PODS_ROOT}/Manifest.lock\" > /dev/null\nif [ $? != 0 ] ; then\n    # print error to STDERR\n    echo \"error: The sandbox is not in sync with the Podfile.lock. Run 'pod install' or update your CocoaPods installation.\" >&2\n    exit 1\nfi\n# This output is used by Xcode 'outputs' to avoid re-running this script phase.\necho \"SUCCESS\" > \"${SCRIPT_OUTPUT_FILE_0}\"\n";
			showEnvVarsInLog = 0;
		};
		76875C407018E0CC5F319F6B /* [CP] Check Pods Manifest.lock */ = {
			isa = PBXShellScriptBuildPhase;
			buildActionMask = 2147483647;
			files = (
			);
			inputFileListPaths = (
			);
			inputPaths = (
				"${PODS_PODFILE_DIR_PATH}/Podfile.lock",
				"${PODS_ROOT}/Manifest.lock",
			);
			name = "[CP] Check Pods Manifest.lock";
			outputFileListPaths = (
			);
			outputPaths = (
				"$(DERIVED_FILE_DIR)/Pods-photofday-photofdayUITests-checkManifestLockResult.txt",
			);
			runOnlyForDeploymentPostprocessing = 0;
			shellPath = /bin/sh;
			shellScript = "diff \"${PODS_PODFILE_DIR_PATH}/Podfile.lock\" \"${PODS_ROOT}/Manifest.lock\" > /dev/null\nif [ $? != 0 ] ; then\n    # print error to STDERR\n    echo \"error: The sandbox is not in sync with the Podfile.lock. Run 'pod install' or update your CocoaPods installation.\" >&2\n    exit 1\nfi\n# This output is used by Xcode 'outputs' to avoid re-running this script phase.\necho \"SUCCESS\" > \"${SCRIPT_OUTPUT_FILE_0}\"\n";
			showEnvVarsInLog = 0;
		};
		A1AD238420C37F3B16F83E64 /* [CP] Embed Pods Frameworks */ = {
			isa = PBXShellScriptBuildPhase;
			buildActionMask = 2147483647;
			files = (
			);
			inputFileListPaths = (
				"${PODS_ROOT}/Target Support Files/Pods-photofday-photofdayUITests/Pods-photofday-photofdayUITests-frameworks-${CONFIGURATION}-input-files.xcfilelist",
			);
			name = "[CP] Embed Pods Frameworks";
			outputFileListPaths = (
				"${PODS_ROOT}/Target Support Files/Pods-photofday-photofdayUITests/Pods-photofday-photofdayUITests-frameworks-${CONFIGURATION}-output-files.xcfilelist",
			);
			runOnlyForDeploymentPostprocessing = 0;
			shellPath = /bin/sh;
			shellScript = "\"${PODS_ROOT}/Target Support Files/Pods-photofday-photofdayUITests/Pods-photofday-photofdayUITests-frameworks.sh\"\n";
			showEnvVarsInLog = 0;
		};
		F6CA20CFA8F245CCB81C31AC /* [CP] Embed Pods Frameworks */ = {
			isa = PBXShellScriptBuildPhase;
			buildActionMask = 2147483647;
			files = (
			);
			inputFileListPaths = (
				"${PODS_ROOT}/Target Support Files/Pods-photofday/Pods-photofday-frameworks-${CONFIGURATION}-input-files.xcfilelist",
			);
			name = "[CP] Embed Pods Frameworks";
			outputFileListPaths = (
				"${PODS_ROOT}/Target Support Files/Pods-photofday/Pods-photofday-frameworks-${CONFIGURATION}-output-files.xcfilelist",
			);
			runOnlyForDeploymentPostprocessing = 0;
			shellPath = /bin/sh;
			shellScript = "\"${PODS_ROOT}/Target Support Files/Pods-photofday/Pods-photofday-frameworks.sh\"\n";
			showEnvVarsInLog = 0;
		};
/* End PBXShellScriptBuildPhase section */

/* Begin PBXSourcesBuildPhase section */
		3502506229B0DAFF00AC20D1 /* Sources */ = {
			isa = PBXSourcesBuildPhase;
			buildActionMask = 2147483647;
			files = (
				3502509E29B0E39600AC20D1 /* ViewModel.swift in Sources */,
				350250A429B0EAF100AC20D1 /* PhotoDetails.swift in Sources */,
				3502506E29B0DAFF00AC20D1 /* ViewController.swift in Sources */,
				3502506A29B0DAFF00AC20D1 /* AppDelegate.swift in Sources */,
				3502506C29B0DAFF00AC20D1 /* SceneDelegate.swift in Sources */,
				352C369E29B21D1C00631A4A /* BaseViewController.swift in Sources */,
				3502509C29B0E18100AC20D1 /* PhotoView.swift in Sources */,
			);
			runOnlyForDeploymentPostprocessing = 0;
		};
		3502507829B0DB0000AC20D1 /* Sources */ = {
			isa = PBXSourcesBuildPhase;
			buildActionMask = 2147483647;
			files = (
				3502508129B0DB0000AC20D1 /* photofdayTests.swift in Sources */,
			);
			runOnlyForDeploymentPostprocessing = 0;
		};
		3502508229B0DB0000AC20D1 /* Sources */ = {
			isa = PBXSourcesBuildPhase;
			buildActionMask = 2147483647;
			files = (
				3502508B29B0DB0000AC20D1 /* photofdayUITests.swift in Sources */,
				3502508D29B0DB0000AC20D1 /* photofdayUITestsLaunchTests.swift in Sources */,
			);
			runOnlyForDeploymentPostprocessing = 0;
		};
/* End PBXSourcesBuildPhase section */

/* Begin PBXTargetDependency section */
		3502507E29B0DB0000AC20D1 /* PBXTargetDependency */ = {
			isa = PBXTargetDependency;
			target = 3502506529B0DAFF00AC20D1 /* photofday */;
			targetProxy = 3502507D29B0DB0000AC20D1 /* PBXContainerItemProxy */;
		};
		3502508829B0DB0000AC20D1 /* PBXTargetDependency */ = {
			isa = PBXTargetDependency;
			target = 3502506529B0DAFF00AC20D1 /* photofday */;
			targetProxy = 3502508729B0DB0000AC20D1 /* PBXContainerItemProxy */;
		};
/* End PBXTargetDependency section */

/* Begin PBXVariantGroup section */
		3502506F29B0DAFF00AC20D1 /* Main.storyboard */ = {
			isa = PBXVariantGroup;
			children = (
				3502507029B0DAFF00AC20D1 /* Base */,
			);
			name = Main.storyboard;
			sourceTree = "<group>";
		};
		3502507429B0DB0000AC20D1 /* LaunchScreen.storyboard */ = {
			isa = PBXVariantGroup;
			children = (
				3502507529B0DB0000AC20D1 /* Base */,
			);
			name = LaunchScreen.storyboard;
			sourceTree = "<group>";
		};
/* End PBXVariantGroup section */

/* Begin XCBuildConfiguration section */
		3502508E29B0DB0000AC20D1 /* Debug */ = {
			isa = XCBuildConfiguration;
			buildSettings = {
				ALWAYS_SEARCH_USER_PATHS = NO;
				CLANG_ANALYZER_NONNULL = YES;
				CLANG_ANALYZER_NUMBER_OBJECT_CONVERSION = YES_AGGRESSIVE;
				CLANG_CXX_LANGUAGE_STANDARD = "gnu++20";
				CLANG_ENABLE_MODULES = YES;
				CLANG_ENABLE_OBJC_ARC = YES;
				CLANG_ENABLE_OBJC_WEAK = YES;
				CLANG_WARN_BLOCK_CAPTURE_AUTORELEASING = YES;
				CLANG_WARN_BOOL_CONVERSION = YES;
				CLANG_WARN_COMMA = YES;
				CLANG_WARN_CONSTANT_CONVERSION = YES;
				CLANG_WARN_DEPRECATED_OBJC_IMPLEMENTATIONS = YES;
				CLANG_WARN_DIRECT_OBJC_ISA_USAGE = YES_ERROR;
				CLANG_WARN_DOCUMENTATION_COMMENTS = YES;
				CLANG_WARN_EMPTY_BODY = YES;
				CLANG_WARN_ENUM_CONVERSION = YES;
				CLANG_WARN_INFINITE_RECURSION = YES;
				CLANG_WARN_INT_CONVERSION = YES;
				CLANG_WARN_NON_LITERAL_NULL_CONVERSION = YES;
				CLANG_WARN_OBJC_IMPLICIT_RETAIN_SELF = YES;
				CLANG_WARN_OBJC_LITERAL_CONVERSION = YES;
				CLANG_WARN_OBJC_ROOT_CLASS = YES_ERROR;
				CLANG_WARN_QUOTED_INCLUDE_IN_FRAMEWORK_HEADER = YES;
				CLANG_WARN_RANGE_LOOP_ANALYSIS = YES;
				CLANG_WARN_STRICT_PROTOTYPES = YES;
				CLANG_WARN_SUSPICIOUS_MOVE = YES;
				CLANG_WARN_UNGUARDED_AVAILABILITY = YES_AGGRESSIVE;
				CLANG_WARN_UNREACHABLE_CODE = YES;
				CLANG_WARN__DUPLICATE_METHOD_MATCH = YES;
				COPY_PHASE_STRIP = NO;
				DEBUG_INFORMATION_FORMAT = dwarf;
				ENABLE_STRICT_OBJC_MSGSEND = YES;
				ENABLE_TESTABILITY = YES;
				GCC_C_LANGUAGE_STANDARD = gnu11;
				GCC_DYNAMIC_NO_PIC = NO;
				GCC_NO_COMMON_BLOCKS = YES;
				GCC_OPTIMIZATION_LEVEL = 0;
				GCC_PREPROCESSOR_DEFINITIONS = (
					"DEBUG=1",
					"$(inherited)",
				);
				GCC_WARN_64_TO_32_BIT_CONVERSION = YES;
				GCC_WARN_ABOUT_RETURN_TYPE = YES_ERROR;
				GCC_WARN_UNDECLARED_SELECTOR = YES;
				GCC_WARN_UNINITIALIZED_AUTOS = YES_AGGRESSIVE;
				GCC_WARN_UNUSED_FUNCTION = YES;
				GCC_WARN_UNUSED_VARIABLE = YES;
				IPHONEOS_DEPLOYMENT_TARGET = 16.2;
				MTL_ENABLE_DEBUG_INFO = INCLUDE_SOURCE;
				MTL_FAST_MATH = YES;
				ONLY_ACTIVE_ARCH = YES;
				SDKROOT = iphoneos;
				SWIFT_ACTIVE_COMPILATION_CONDITIONS = DEBUG;
				SWIFT_OPTIMIZATION_LEVEL = "-Onone";
			};
			name = Debug;
		};
		3502508F29B0DB0000AC20D1 /* Release */ = {
			isa = XCBuildConfiguration;
			buildSettings = {
				ALWAYS_SEARCH_USER_PATHS = NO;
				CLANG_ANALYZER_NONNULL = YES;
				CLANG_ANALYZER_NUMBER_OBJECT_CONVERSION = YES_AGGRESSIVE;
				CLANG_CXX_LANGUAGE_STANDARD = "gnu++20";
				CLANG_ENABLE_MODULES = YES;
				CLANG_ENABLE_OBJC_ARC = YES;
				CLANG_ENABLE_OBJC_WEAK = YES;
				CLANG_WARN_BLOCK_CAPTURE_AUTORELEASING = YES;
				CLANG_WARN_BOOL_CONVERSION = YES;
				CLANG_WARN_COMMA = YES;
				CLANG_WARN_CONSTANT_CONVERSION = YES;
				CLANG_WARN_DEPRECATED_OBJC_IMPLEMENTATIONS = YES;
				CLANG_WARN_DIRECT_OBJC_ISA_USAGE = YES_ERROR;
				CLANG_WARN_DOCUMENTATION_COMMENTS = YES;
				CLANG_WARN_EMPTY_BODY = YES;
				CLANG_WARN_ENUM_CONVERSION = YES;
				CLANG_WARN_INFINITE_RECURSION = YES;
				CLANG_WARN_INT_CONVERSION = YES;
				CLANG_WARN_NON_LITERAL_NULL_CONVERSION = YES;
				CLANG_WARN_OBJC_IMPLICIT_RETAIN_SELF = YES;
				CLANG_WARN_OBJC_LITERAL_CONVERSION = YES;
				CLANG_WARN_OBJC_ROOT_CLASS = YES_ERROR;
				CLANG_WARN_QUOTED_INCLUDE_IN_FRAMEWORK_HEADER = YES;
				CLANG_WARN_RANGE_LOOP_ANALYSIS = YES;
				CLANG_WARN_STRICT_PROTOTYPES = YES;
				CLANG_WARN_SUSPICIOUS_MOVE = YES;
				CLANG_WARN_UNGUARDED_AVAILABILITY = YES_AGGRESSIVE;
				CLANG_WARN_UNREACHABLE_CODE = YES;
				CLANG_WARN__DUPLICATE_METHOD_MATCH = YES;
				COPY_PHASE_STRIP = NO;
				DEBUG_INFORMATION_FORMAT = "dwarf-with-dsym";
				ENABLE_NS_ASSERTIONS = NO;
				ENABLE_STRICT_OBJC_MSGSEND = YES;
				GCC_C_LANGUAGE_STANDARD = gnu11;
				GCC_NO_COMMON_BLOCKS = YES;
				GCC_WARN_64_TO_32_BIT_CONVERSION = YES;
				GCC_WARN_ABOUT_RETURN_TYPE = YES_ERROR;
				GCC_WARN_UNDECLARED_SELECTOR = YES;
				GCC_WARN_UNINITIALIZED_AUTOS = YES_AGGRESSIVE;
				GCC_WARN_UNUSED_FUNCTION = YES;
				GCC_WARN_UNUSED_VARIABLE = YES;
				IPHONEOS_DEPLOYMENT_TARGET = 16.2;
				MTL_ENABLE_DEBUG_INFO = NO;
				MTL_FAST_MATH = YES;
				SDKROOT = iphoneos;
				SWIFT_COMPILATION_MODE = wholemodule;
				SWIFT_OPTIMIZATION_LEVEL = "-O";
				VALIDATE_PRODUCT = YES;
			};
			name = Release;
		};
		3502509129B0DB0000AC20D1 /* Debug */ = {
			isa = XCBuildConfiguration;
			baseConfigurationReference = 5B0002A4E34F92C4A51E45E7 /* Pods-photofday.debug.xcconfig */;
			buildSettings = {
				ASSETCATALOG_COMPILER_APPICON_NAME = AppIcon;
				ASSETCATALOG_COMPILER_GLOBAL_ACCENT_COLOR_NAME = AccentColor;
				CODE_SIGN_STYLE = Automatic;
				CURRENT_PROJECT_VERSION = 1;
				FRAMEWORK_SEARCH_PATHS = (
					"$(DEVELOPER_FRAMEWORKS_DIR)",
					"$(inherited)",
				);
				"FRAMEWORK_SEARCH_PATHS[arch=*]" = "$(inherited)";
				GENERATE_INFOPLIST_FILE = YES;
				INFOPLIST_FILE = photofday/Info.plist;
				INFOPLIST_KEY_UIApplicationSupportsIndirectInputEvents = YES;
				INFOPLIST_KEY_UILaunchStoryboardName = LaunchScreen;
				INFOPLIST_KEY_UIMainStoryboardFile = Main;
				INFOPLIST_KEY_UISupportedInterfaceOrientations_iPad = "UIInterfaceOrientationPortrait UIInterfaceOrientationPortraitUpsideDown UIInterfaceOrientationLandscapeLeft UIInterfaceOrientationLandscapeRight";
				INFOPLIST_KEY_UISupportedInterfaceOrientations_iPhone = "UIInterfaceOrientationPortrait UIInterfaceOrientationLandscapeLeft UIInterfaceOrientationLandscapeRight";
				LD_RUNPATH_SEARCH_PATHS = "$(inherited)";
				MARKETING_VERSION = 1.0;
				PODS_XCFRAMEWORKS_BUILD_DIR = "$(PODS_CONFIGURATION_BUILD_DIR)/XCFrameworkIntermediates; $(inherited)";
				PRODUCT_BUNDLE_IDENTIFIER = com.walmart.photo.ofday.photofday;
				PRODUCT_NAME = "$(TARGET_NAME)";
				SWIFT_EMIT_LOC_STRINGS = YES;
				SWIFT_VERSION = 5.0;
				SYSTEM_FRAMEWORK_SEARCH_PATHS = (
					"$(inherited)",
					"$(DEVELOPER_FRAMEWORKS_DIR)",
				);
				TARGETED_DEVICE_FAMILY = "1,2";
			};
			name = Debug;
		};
		3502509229B0DB0000AC20D1 /* Release */ = {
			isa = XCBuildConfiguration;
			baseConfigurationReference = F1839839FDB3F905C70A6288 /* Pods-photofday.release.xcconfig */;
			buildSettings = {
				ASSETCATALOG_COMPILER_APPICON_NAME = AppIcon;
				ASSETCATALOG_COMPILER_GLOBAL_ACCENT_COLOR_NAME = AccentColor;
				CODE_SIGN_STYLE = Automatic;
				CURRENT_PROJECT_VERSION = 1;
				FRAMEWORK_SEARCH_PATHS = (
					"$(DEVELOPER_FRAMEWORKS_DIR)",
					"$(inherited)",
				);
				"FRAMEWORK_SEARCH_PATHS[arch=*]" = "$(inherited)";
				GENERATE_INFOPLIST_FILE = YES;
				INFOPLIST_FILE = photofday/Info.plist;
				INFOPLIST_KEY_UIApplicationSupportsIndirectInputEvents = YES;
				INFOPLIST_KEY_UILaunchStoryboardName = LaunchScreen;
				INFOPLIST_KEY_UIMainStoryboardFile = Main;
				INFOPLIST_KEY_UISupportedInterfaceOrientations_iPad = "UIInterfaceOrientationPortrait UIInterfaceOrientationPortraitUpsideDown UIInterfaceOrientationLandscapeLeft UIInterfaceOrientationLandscapeRight";
				INFOPLIST_KEY_UISupportedInterfaceOrientations_iPhone = "UIInterfaceOrientationPortrait UIInterfaceOrientationLandscapeLeft UIInterfaceOrientationLandscapeRight";
				LD_RUNPATH_SEARCH_PATHS = "$(inherited)";
				MARKETING_VERSION = 1.0;
				PODS_XCFRAMEWORKS_BUILD_DIR = "$(PODS_CONFIGURATION_BUILD_DIR)/XCFrameworkIntermediates; $(inherited)";
				PRODUCT_BUNDLE_IDENTIFIER = com.walmart.photo.ofday.photofday;
				PRODUCT_NAME = "$(TARGET_NAME)";
				SWIFT_EMIT_LOC_STRINGS = YES;
				SWIFT_VERSION = 5.0;
				SYSTEM_FRAMEWORK_SEARCH_PATHS = (
					"$(inherited)",
					"$(DEVELOPER_FRAMEWORKS_DIR)",
				);
				TARGETED_DEVICE_FAMILY = "1,2";
			};
			name = Release;
		};
		3502509429B0DB0000AC20D1 /* Debug */ = {
			isa = XCBuildConfiguration;
			baseConfigurationReference = DCB38772C2B8CF19B2E830A1 /* Pods-photofdayTests.debug.xcconfig */;
			buildSettings = {
				ALWAYS_EMBED_SWIFT_STANDARD_LIBRARIES = YES;
				BUNDLE_LOADER = "$(TEST_HOST)";
				CODE_SIGN_STYLE = Automatic;
				CURRENT_PROJECT_VERSION = 1;
				GENERATE_INFOPLIST_FILE = YES;
				IPHONEOS_DEPLOYMENT_TARGET = 16.2;
				MARKETING_VERSION = 1.0;
				PRODUCT_BUNDLE_IDENTIFIER = com.walmart.photo.ofday.photofdayTests;
				PRODUCT_NAME = "$(TARGET_NAME)";
				SWIFT_EMIT_LOC_STRINGS = NO;
				SWIFT_VERSION = 5.0;
				TARGETED_DEVICE_FAMILY = "1,2";
				TEST_HOST = "$(BUILT_PRODUCTS_DIR)/photofday.app/$(BUNDLE_EXECUTABLE_FOLDER_PATH)/photofday";
			};
			name = Debug;
		};
		3502509529B0DB0000AC20D1 /* Release */ = {
			isa = XCBuildConfiguration;
			baseConfigurationReference = 363773AD624F8038F9F27517 /* Pods-photofdayTests.release.xcconfig */;
			buildSettings = {
				ALWAYS_EMBED_SWIFT_STANDARD_LIBRARIES = YES;
				BUNDLE_LOADER = "$(TEST_HOST)";
				CODE_SIGN_STYLE = Automatic;
				CURRENT_PROJECT_VERSION = 1;
				GENERATE_INFOPLIST_FILE = YES;
				IPHONEOS_DEPLOYMENT_TARGET = 16.2;
				MARKETING_VERSION = 1.0;
				PRODUCT_BUNDLE_IDENTIFIER = com.walmart.photo.ofday.photofdayTests;
				PRODUCT_NAME = "$(TARGET_NAME)";
				SWIFT_EMIT_LOC_STRINGS = NO;
				SWIFT_VERSION = 5.0;
				TARGETED_DEVICE_FAMILY = "1,2";
				TEST_HOST = "$(BUILT_PRODUCTS_DIR)/photofday.app/$(BUNDLE_EXECUTABLE_FOLDER_PATH)/photofday";
			};
			name = Release;
		};
		3502509729B0DB0000AC20D1 /* Debug */ = {
			isa = XCBuildConfiguration;
			baseConfigurationReference = 3FC9F0C979AFAEC434FB6DD8 /* Pods-photofday-photofdayUITests.debug.xcconfig */;
			buildSettings = {
				ALWAYS_EMBED_SWIFT_STANDARD_LIBRARIES = YES;
				CODE_SIGN_STYLE = Automatic;
				CURRENT_PROJECT_VERSION = 1;
				GENERATE_INFOPLIST_FILE = YES;
				MARKETING_VERSION = 1.0;
				PRODUCT_BUNDLE_IDENTIFIER = com.walmart.photo.ofday.photofdayUITests;
				PRODUCT_NAME = "$(TARGET_NAME)";
				SWIFT_EMIT_LOC_STRINGS = NO;
				SWIFT_VERSION = 5.0;
				TARGETED_DEVICE_FAMILY = "1,2";
				TEST_TARGET_NAME = photofday;
			};
			name = Debug;
		};
		3502509829B0DB0000AC20D1 /* Release */ = {
			isa = XCBuildConfiguration;
			baseConfigurationReference = B826E0B2EDF7D84073F5BBA9 /* Pods-photofday-photofdayUITests.release.xcconfig */;
			buildSettings = {
				ALWAYS_EMBED_SWIFT_STANDARD_LIBRARIES = YES;
				CODE_SIGN_STYLE = Automatic;
				CURRENT_PROJECT_VERSION = 1;
				GENERATE_INFOPLIST_FILE = YES;
				MARKETING_VERSION = 1.0;
				PRODUCT_BUNDLE_IDENTIFIER = com.walmart.photo.ofday.photofdayUITests;
				PRODUCT_NAME = "$(TARGET_NAME)";
				SWIFT_EMIT_LOC_STRINGS = NO;
				SWIFT_VERSION = 5.0;
				TARGETED_DEVICE_FAMILY = "1,2";
				TEST_TARGET_NAME = photofday;
			};
			name = Release;
		};
/* End XCBuildConfiguration section */

/* Begin XCConfigurationList section */
		3502506129B0DAFE00AC20D1 /* Build configuration list for PBXProject "photofday" */ = {
			isa = XCConfigurationList;
			buildConfigurations = (
				3502508E29B0DB0000AC20D1 /* Debug */,
				3502508F29B0DB0000AC20D1 /* Release */,
			);
			defaultConfigurationIsVisible = 0;
			defaultConfigurationName = Release;
		};
		3502509029B0DB0000AC20D1 /* Build configuration list for PBXNativeTarget "photofday" */ = {
			isa = XCConfigurationList;
			buildConfigurations = (
				3502509129B0DB0000AC20D1 /* Debug */,
				3502509229B0DB0000AC20D1 /* Release */,
			);
			defaultConfigurationIsVisible = 0;
			defaultConfigurationName = Release;
		};
		3502509329B0DB0000AC20D1 /* Build configuration list for PBXNativeTarget "photofdayTests" */ = {
			isa = XCConfigurationList;
			buildConfigurations = (
				3502509429B0DB0000AC20D1 /* Debug */,
				3502509529B0DB0000AC20D1 /* Release */,
			);
			defaultConfigurationIsVisible = 0;
			defaultConfigurationName = Release;
		};
		3502509629B0DB0000AC20D1 /* Build configuration list for PBXNativeTarget "photofdayUITests" */ = {
			isa = XCConfigurationList;
			buildConfigurations = (
				3502509729B0DB0000AC20D1 /* Debug */,
				3502509829B0DB0000AC20D1 /* Release */,
			);
			defaultConfigurationIsVisible = 0;
			defaultConfigurationName = Release;
		};
/* End XCConfigurationList section */
	};
	rootObject = 3502505E29B0DAFE00AC20D1 /* Project object */;
}
